
Microsoft Visual Studio Solution File, Format Version 12.00
# Visual Studio Version 17
VisualStudioVersion = 17.0.31912.275
MinimumVisualStudioVersion = 10.0.40219.1
Project("{FAE04EC0-301F-11D3-BF4B-00C04F79EFBC}") = "LeapYear", "LeapYear\LeapYear.csproj", "{64A2C87E-0764-40D7-B14A-0D7FE93ED9EF}"
EndProject
Project("{FAE04EC0-301F-11D3-BF4B-00C04F79EFBC}") = "LeapYearTests", "LeapYearTests\LeapYearTests.csproj", "{149F9858-1110-4301-9B1C-E1F6AF0AB616}"
EndProject
Global
	GlobalSection(SolutionConfigurationPlatforms) = preSolution
		Debug|Any CPU = Debug|Any CPU
		Release|Any CPU = Release|Any CPU
	EndGlobalSection
	GlobalSection(ProjectConfigurationPlatforms) = postSolution
		{64A2C87E-0764-40D7-B14A-0D7FE93ED9EF}.Debug|Any CPU.ActiveCfg = Debug|Any CPU
		{64A2C87E-0764-40D7-B14A-0D7FE93ED9EF}.Debug|Any CPU.Build.0 = Debug|Any CPU
		{64A2C87E-0764-40D7-B14A-0D7FE93ED9EF}.Release|Any CPU.ActiveCfg = Release|Any CPU
		{64A2C87E-0764-40D7-B14A-0D7FE93ED9EF}.Release|Any CPU.Build.0 = Release|Any CPU
		{149F9858-1110-4301-9B1C-E1F6AF0AB616}.Debug|Any CPU.ActiveCfg = Debug|Any CPU
		{149F9858-1110-4301-9B1C-E1F6AF0AB616}.Debug|Any CPU.Build.0 = Debug|Any CPU
		{149F9858-1110-4301-9B1C-E1F6AF0AB616}.Release|Any CPU.ActiveCfg = Release|Any CPU
		{149F9858-1110-4301-9B1C-E1F6AF0AB616}.Release|Any CPU.Build.0 = Release|Any CPU
	EndGlobalSection
	GlobalSection(SolutionProperties) = preSolution
		HideSolutionNode = FALSE
	EndGlobalSection
	GlobalSection(ExtensibilityGlobals) = postSolution
		SolutionGuid = {CE1AE267-A2A6-4948-A603-DC0C3C04C303}
	EndGlobalSection
EndGlobal
